
Microsoft Visual Studio Solution File, Format Version 12.00
# Visual Studio Version 17
VisualStudioVersion = 17.0.31919.166
MinimumVisualStudioVersion = 10.0.40219.1
Project("{2150E333-8FDC-42A3-9474-1A3956D46DE8}") = "src", "src", "{B59C8DF7-7DEC-46AF-A165-CC9E3AD01EA8}"
EndProject
Project("{9A19103F-16F7-4668-BE54-9A1E7A4F7556}") = "Cuemon.Core", "src\Cuemon.Core\Cuemon.Core.csproj", "{000BDF91-E7C7-4CB4-A39D-E1A5374C5602}"
EndProject
Project("{9A19103F-16F7-4668-BE54-9A1E7A4F7556}") = "Cuemon.AspNetCore.Mvc", "src\Cuemon.AspNetCore.Mvc\Cuemon.AspNetCore.Mvc.csproj", "{A20ADF91-E7C7-4CB4-A39D-E1A5374C5602}"
EndProject
Project("{9A19103F-16F7-4668-BE54-9A1E7A4F7556}") = "Cuemon.AspNetCore", "src\Cuemon.AspNetCore\Cuemon.AspNetCore.csproj", "{A00ADF91-E7C7-4CB4-A39D-E1A5374C5602}"
EndProject
Project("{9A19103F-16F7-4668-BE54-9A1E7A4F7556}") = "Cuemon.Extensions.AspNetCore.Mvc.Formatters.Xml", "src\Cuemon.Extensions.AspNetCore.Mvc.Formatters.Xml\Cuemon.Extensions.AspNetCore.Mvc.Formatters.Xml.csproj", "{A70ADF91-E7C7-4CB4-A39D-E1A5374C5602}"
EndProject
Project("{9A19103F-16F7-4668-BE54-9A1E7A4F7556}") = "Cuemon.Extensions.IO", "src\Cuemon.Extensions.IO\Cuemon.Extensions.IO.csproj", "{060BDF91-E7C7-4CB4-A39D-E1A5374C5602}"
EndProject
Project("{9A19103F-16F7-4668-BE54-9A1E7A4F7556}") = "Cuemon.Extensions.Text", "src\Cuemon.Extensions.Text\Cuemon.Extensions.Text.csproj", "{0A0BDF91-E7C7-4CB4-A39D-E1A5374C5602}"
EndProject
Project("{9A19103F-16F7-4668-BE54-9A1E7A4F7556}") = "Cuemon.Extensions.Core", "src\Cuemon.Extensions.Core\Cuemon.Extensions.Core.csproj", "{020BDF91-E7C7-4CB4-A39D-E1A5374C5602}"
EndProject
Project("{9A19103F-16F7-4668-BE54-9A1E7A4F7556}") = "Cuemon.Extensions.Xml", "src\Cuemon.Extensions.Xml\Cuemon.Extensions.Xml.csproj", "{0C0BDF91-E7C7-4CB4-A39D-E1A5374C5602}"
EndProject
Project("{9A19103F-16F7-4668-BE54-9A1E7A4F7556}") = "Cuemon.Extensions.Collections.Specialized", "src\Cuemon.Extensions.Collections.Specialized\Cuemon.Extensions.Collections.Specialized.csproj", "{010BDF91-E7C7-4CB4-A39D-E1A5374C5602}"
EndProject
Project("{9A19103F-16F7-4668-BE54-9A1E7A4F7556}") = "Cuemon.Extensions.DependencyInjection", "src\Cuemon.Extensions.DependencyInjection\Cuemon.Extensions.DependencyInjection.csproj", "{040BDF91-E7C7-4CB4-A39D-E1A5374C5602}"
EndProject
Project("{9A19103F-16F7-4668-BE54-9A1E7A4F7556}") = "Cuemon.Extensions.Reflection", "src\Cuemon.Extensions.Reflection\Cuemon.Extensions.Reflection.csproj", "{090BDF91-E7C7-4CB4-A39D-E1A5374C5602}"
EndProject
Project("{9A19103F-16F7-4668-BE54-9A1E7A4F7556}") = "Cuemon.Extensions.Data.Integrity", "src\Cuemon.Extensions.Data.Integrity\Cuemon.Extensions.Data.Integrity.csproj", "{050BDF91-E7C7-4CB4-A39D-E1A5374C5602}"
EndProject
Project("{9A19103F-16F7-4668-BE54-9A1E7A4F7556}") = "Cuemon.Extensions.Net", "src\Cuemon.Extensions.Net\Cuemon.Extensions.Net.csproj", "{070BDF91-E7C7-4CB4-A39D-E1A5374C5602}"
EndProject
Project("{9A19103F-16F7-4668-BE54-9A1E7A4F7556}") = "Cuemon.Data.SqlClient", "src\Cuemon.Data.SqlClient\Cuemon.Data.SqlClient.csproj", "{030BDF91-E7C7-4CB4-A39D-E1A5374C5602}"
EndProject
Project("{9A19103F-16F7-4668-BE54-9A1E7A4F7556}") = "Cuemon.Extensions.AspNetCore", "src\Cuemon.Extensions.AspNetCore\Cuemon.Extensions.AspNetCore.csproj", "{A40ADF91-E7C7-4CB4-A39D-E1A5374C5602}"
EndProject
Project("{9A19103F-16F7-4668-BE54-9A1E7A4F7556}") = "Cuemon.Extensions.AspNetCore.Mvc", "src\Cuemon.Extensions.AspNetCore.Mvc\Cuemon.Extensions.AspNetCore.Mvc.csproj", "{A50ADF91-E7C7-4CB4-A39D-E1A5374C5602}"
EndProject
Project("{9A19103F-16F7-4668-BE54-9A1E7A4F7556}") = "Cuemon.AspNetCore.Authentication", "src\Cuemon.AspNetCore.Authentication\Cuemon.AspNetCore.Authentication.csproj", "{A10ADF91-E7C7-4CB4-A39D-E1A5374C5602}"
EndProject
Project("{9A19103F-16F7-4668-BE54-9A1E7A4F7556}") = "Cuemon.AspNetCore.Razor.TagHelpers", "src\Cuemon.AspNetCore.Razor.TagHelpers\Cuemon.AspNetCore.Razor.TagHelpers.csproj", "{A30ADF91-E7C7-4CB4-A39D-E1A5374C5602}"
EndProject
Project("{9A19103F-16F7-4668-BE54-9A1E7A4F7556}") = "Cuemon.Core.Tests", "test\Cuemon.Core.Tests\Cuemon.Core.Tests.csproj", "{CDE37A87-B35E-4F9B-9C5A-32E9B22A1B69}"
EndProject
Project("{2150E333-8FDC-42A3-9474-1A3956D46DE8}") = "test", "test", "{31707D2B-843E-4D4F-B9C7-3E74EF8DA338}"
EndProject
Project("{9A19103F-16F7-4668-BE54-9A1E7A4F7556}") = "Cuemon.AspNetCore.Mvc.Tests", "test\Cuemon.AspNetCore.Mvc.Tests\Cuemon.AspNetCore.Mvc.Tests.csproj", "{E8F32745-6E13-438E-8A7D-DD60AF071B89}"
EndProject
Project("{9A19103F-16F7-4668-BE54-9A1E7A4F7556}") = "Cuemon.Extensions.Net.Tests", "test\Cuemon.Extensions.Net.Tests\Cuemon.Extensions.Net.Tests.csproj", "{E1C8F634-F655-487D-80B4-82F5F149FBA9}"
EndProject
Project("{9A19103F-16F7-4668-BE54-9A1E7A4F7556}") = "Cuemon.Extensions.Data.Integrity.Tests", "test\Cuemon.Extensions.Data.Integrity.Tests\Cuemon.Extensions.Data.Integrity.Tests.csproj", "{4B1D7CA2-67E0-4D54-BBCA-6607A7770E44}"
EndProject
Project("{9A19103F-16F7-4668-BE54-9A1E7A4F7556}") = "Cuemon.Extensions.Core.Tests", "test\Cuemon.Extensions.Core.Tests\Cuemon.Extensions.Core.Tests.csproj", "{6ACD0AEE-4B47-4B29-9EA8-4FF9C20FF2F6}"
EndProject
Project("{9A19103F-16F7-4668-BE54-9A1E7A4F7556}") = "Cuemon.Resilience", "src\Cuemon.Resilience\Cuemon.Resilience.csproj", "{0E0BDF91-E7C7-4CB4-A39D-E1A5374C5602}"
EndProject
Project("{9A19103F-16F7-4668-BE54-9A1E7A4F7556}") = "Cuemon.Extensions.Diagnostics", "src\Cuemon.Extensions.Diagnostics\Cuemon.Extensions.Diagnostics.csproj", "{0F0BDF91-E7C7-4CB4-A39D-E1A5374C5602}"
EndProject
Project("{9A19103F-16F7-4668-BE54-9A1E7A4F7556}") = "Cuemon.Resilience.Tests", "test\Cuemon.Resilience.Tests\Cuemon.Resilience.Tests.csproj", "{834885CF-3D43-4864-8C9A-8B749F957D90}"
EndProject
Project("{9A19103F-16F7-4668-BE54-9A1E7A4F7556}") = "Cuemon.Extensions.Diagnostics.Tests", "test\Cuemon.Extensions.Diagnostics.Tests\Cuemon.Extensions.Diagnostics.Tests.csproj", "{438DB982-F1D1-45E7-8397-9356EF520595}"
EndProject
Project("{9A19103F-16F7-4668-BE54-9A1E7A4F7556}") = "Cuemon.Extensions.Data", "src\Cuemon.Extensions.Data\Cuemon.Extensions.Data.csproj", "{100BDF91-E7C7-4CB4-A39D-E1A5374C5602}"
EndProject
Project("{9A19103F-16F7-4668-BE54-9A1E7A4F7556}") = "Cuemon.AspNetCore.Tests", "test\Cuemon.AspNetCore.Tests\Cuemon.AspNetCore.Tests.csproj", "{80039061-381F-4C48-A7C3-B367E61AE1AC}"
EndProject
Project("{9A19103F-16F7-4668-BE54-9A1E7A4F7556}") = "Cuemon.Data", "src\Cuemon.Data\Cuemon.Data.csproj", "{110BDF91-E7C7-4CB4-A39D-E1A5374C5602}"
EndProject
Project("{9A19103F-16F7-4668-BE54-9A1E7A4F7556}") = "Cuemon.Xml", "src\Cuemon.Xml\Cuemon.Xml.csproj", "{120BDF91-E7C7-4CB4-A39D-E1A5374C5602}"
EndProject
Project("{9A19103F-16F7-4668-BE54-9A1E7A4F7556}") = "Cuemon.Data.Tests", "test\Cuemon.Data.Tests\Cuemon.Data.Tests.csproj", "{72652593-7D2A-4E7D-936F-3C9D11E685FE}"
EndProject
Project("{9A19103F-16F7-4668-BE54-9A1E7A4F7556}") = "Cuemon.Xml.Tests", "test\Cuemon.Xml.Tests\Cuemon.Xml.Tests.csproj", "{A17299D9-AD7D-47C2-B02F-A2E108948C34}"
EndProject
Project("{9A19103F-16F7-4668-BE54-9A1E7A4F7556}") = "Cuemon.Data.Integrity", "src\Cuemon.Data.Integrity\Cuemon.Data.Integrity.csproj", "{130BDF91-E7C7-4CB4-A39D-E1A5374C5602}"
EndProject
Project("{9A19103F-16F7-4668-BE54-9A1E7A4F7556}") = "Cuemon.Net", "src\Cuemon.Net\Cuemon.Net.csproj", "{140BDF91-E7C7-4CB4-A39D-E1A5374C5602}"
EndProject
Project("{9A19103F-16F7-4668-BE54-9A1E7A4F7556}") = "Cuemon.Net.Tests", "test\Cuemon.Net.Tests\Cuemon.Net.Tests.csproj", "{9EFB7F2D-4FC9-4EA7-917E-4481CC24ED2B}"
EndProject
Project("{9A19103F-16F7-4668-BE54-9A1E7A4F7556}") = "Cuemon.Threading", "src\Cuemon.Threading\Cuemon.Threading.csproj", "{150BDF91-E7C7-4CB4-A39D-E1A5374C5602}"
EndProject
Project("{9A19103F-16F7-4668-BE54-9A1E7A4F7556}") = "Cuemon.Threading.Tests", "test\Cuemon.Threading.Tests\Cuemon.Threading.Tests.csproj", "{F1F4FA5D-7ABB-4ADC-B7F9-A94BE2D10694}"
EndProject
Project("{9A19103F-16F7-4668-BE54-9A1E7A4F7556}") = "Cuemon.Runtime.Caching", "src\Cuemon.Runtime.Caching\Cuemon.Runtime.Caching.csproj", "{160BDF91-E7C7-4CB4-A39D-E1A5374C5602}"
EndProject
Project("{9A19103F-16F7-4668-BE54-9A1E7A4F7556}") = "Cuemon.IO", "src\Cuemon.IO\Cuemon.IO.csproj", "{170BDF91-E7C7-4CB4-A39D-E1A5374C5602}"
EndProject
Project("{9A19103F-16F7-4668-BE54-9A1E7A4F7556}") = "Cuemon.IO.Tests", "test\Cuemon.IO.Tests\Cuemon.IO.Tests.csproj", "{CD9E3980-C0E5-4892-90EE-F08218CF4033}"
EndProject
Project("{9A19103F-16F7-4668-BE54-9A1E7A4F7556}") = "Cuemon.Extensions.Xml.Tests", "test\Cuemon.Extensions.Xml.Tests\Cuemon.Extensions.Xml.Tests.csproj", "{9B4435A6-2A9A-426B-BB22-899F7F9711CC}"
EndProject
Project("{9A19103F-16F7-4668-BE54-9A1E7A4F7556}") = "Cuemon.Extensions.Threading", "src\Cuemon.Extensions.Threading\Cuemon.Extensions.Threading.csproj", "{180BDF91-E7C7-4CB4-A39D-E1A5374C5602}"
EndProject
Project("{9A19103F-16F7-4668-BE54-9A1E7A4F7556}") = "Cuemon.Extensions.Collections.Generic", "src\Cuemon.Extensions.Collections.Generic\Cuemon.Extensions.Collections.Generic.csproj", "{190BDF91-E7C7-4CB4-A39D-E1A5374C5602}"
EndProject
Project("{9A19103F-16F7-4668-BE54-9A1E7A4F7556}") = "Cuemon.Diagnostics", "src\Cuemon.Diagnostics\Cuemon.Diagnostics.csproj", "{1A0BDF91-E7C7-4CB4-A39D-E1A5374C5602}"
EndProject
Project("{9A19103F-16F7-4668-BE54-9A1E7A4F7556}") = "Cuemon.Diagnostics.Tests", "test\Cuemon.Diagnostics.Tests\Cuemon.Diagnostics.Tests.csproj", "{06559CB0-899C-4B48-AFB8-633CBF97A766}"
EndProject
Project("{9A19103F-16F7-4668-BE54-9A1E7A4F7556}") = "Cuemon.Security.Cryptography", "src\Cuemon.Security.Cryptography\Cuemon.Security.Cryptography.csproj", "{1B0BDF91-E7C7-4CB4-A39D-E1A5374C5602}"
EndProject
Project("{9A19103F-16F7-4668-BE54-9A1E7A4F7556}") = "Cuemon.Security.Cryptography.Tests", "test\Cuemon.Security.Cryptography.Tests\Cuemon.Security.Cryptography.Tests.csproj", "{5D67081C-4458-41AA-A1F5-FAC974D29FDF}"
EndProject
Project("{9A19103F-16F7-4668-BE54-9A1E7A4F7556}") = "Cuemon.Extensions.Hosting", "src\Cuemon.Extensions.Hosting\Cuemon.Extensions.Hosting.csproj", "{1D0BDF91-E7C7-4CB4-A39D-E1A5374C5602}"
EndProject
Project("{9A19103F-16F7-4668-BE54-9A1E7A4F7556}") = "Cuemon.Runtime.Caching.Tests", "test\Cuemon.Runtime.Caching.Tests\Cuemon.Runtime.Caching.Tests.csproj", "{581174AB-62AA-4A04-85DE-4F9E307C9712}"
EndProject
Project("{9A19103F-16F7-4668-BE54-9A1E7A4F7556}") = "Cuemon.Extensions.Runtime.Caching", "src\Cuemon.Extensions.Runtime.Caching\Cuemon.Extensions.Runtime.Caching.csproj", "{1F0BDF91-E7C7-4CB4-A39D-E1A5374C5602}"
EndProject
Project("{9A19103F-16F7-4668-BE54-9A1E7A4F7556}") = "Cuemon.Extensions.Runtime.Caching.Tests", "test\Cuemon.Extensions.Runtime.Caching.Tests\Cuemon.Extensions.Runtime.Caching.Tests.csproj", "{0F614FD1-BC7C-4F7F-9847-D3675614576C}"
EndProject
Project("{9A19103F-16F7-4668-BE54-9A1E7A4F7556}") = "Cuemon.Data.SqlClient.Tests", "test\Cuemon.Data.SqlClient.Tests\Cuemon.Data.SqlClient.Tests.csproj", "{A9610C9E-1944-4771-A5E1-CE47ADA243D5}"
EndProject
Project("{9A19103F-16F7-4668-BE54-9A1E7A4F7556}") = "Cuemon.AspNetCore.Authentication.Tests", "test\Cuemon.AspNetCore.Authentication.Tests\Cuemon.AspNetCore.Authentication.Tests.csproj", "{D29D6F7E-8A76-48AD-A042-EFC83CD474A5}"
EndProject
Project("{9A19103F-16F7-4668-BE54-9A1E7A4F7556}") = "Cuemon.Extensions.AspNetCore.Authentication", "src\Cuemon.Extensions.AspNetCore.Authentication\Cuemon.Extensions.AspNetCore.Authentication.csproj", "{220BDF91-E7C7-4CB4-A39D-E1A5374C5602}"
EndProject
Project("{9A19103F-16F7-4668-BE54-9A1E7A4F7556}") = "Cuemon.Core.App", "src\Cuemon.Core.App\Cuemon.Core.App.csproj", "{230BDF91-E7C7-4CB4-A39D-E1A5374C5602}"
EndProject
Project("{9A19103F-16F7-4668-BE54-9A1E7A4F7556}") = "Cuemon.AspNetCore.App", "src\Cuemon.AspNetCore.App\Cuemon.AspNetCore.App.csproj", "{240BDF91-E7C7-4CB4-A39D-E1A5374C5602}"
EndProject
Project("{9A19103F-16F7-4668-BE54-9A1E7A4F7556}") = "Cuemon.Extensions.AspNetCore.Tests", "test\Cuemon.Extensions.AspNetCore.Tests\Cuemon.Extensions.AspNetCore.Tests.csproj", "{1B7303BF-417C-408B-9C95-170612A16372}"
EndProject
Project("{9A19103F-16F7-4668-BE54-9A1E7A4F7556}") = "Cuemon.Extensions.Hosting.Tests", "test\Cuemon.Extensions.Hosting.Tests\Cuemon.Extensions.Hosting.Tests.csproj", "{9A51294D-B94C-4F09-AD97-9241C7CCC914}"
EndProject
Project("{9A19103F-16F7-4668-BE54-9A1E7A4F7556}") = "Cuemon.Extensions.Threading.Tests", "test\Cuemon.Extensions.Threading.Tests\Cuemon.Extensions.Threading.Tests.csproj", "{777E0306-C250-4C82-BFA4-5C7522AAB9D4}"
EndProject
Project("{9A19103F-16F7-4668-BE54-9A1E7A4F7556}") = "Cuemon.Extensions.AspNetCore.Mvc.Formatters.Xml.Tests", "test\Cuemon.Extensions.AspNetCore.Mvc.Formatters.Xml.Tests\Cuemon.Extensions.AspNetCore.Mvc.Formatters.Xml.Tests.csproj", "{176F78D7-C6EE-4515-A54F-3D902CDD95E3}"
EndProject
Project("{9A19103F-16F7-4668-BE54-9A1E7A4F7556}") = "Cuemon.Extensions.Collections.Generic.Tests", "test\Cuemon.Extensions.Collections.Generic.Tests\Cuemon.Extensions.Collections.Generic.Tests.csproj", "{D4F63068-CCB8-4C9C-AA81-FAF031DCA5D9}"
EndProject
Project("{9A19103F-16F7-4668-BE54-9A1E7A4F7556}") = "Cuemon.Extensions.AspNetCore.Mvc.Tests", "test\Cuemon.Extensions.AspNetCore.Mvc.Tests\Cuemon.Extensions.AspNetCore.Mvc.Tests.csproj", "{C6867EE8-73F9-435D-90CF-8546CF693903}"
EndProject
Project("{9A19103F-16F7-4668-BE54-9A1E7A4F7556}") = "Cuemon.Extensions.IO.Tests", "test\Cuemon.Extensions.IO.Tests\Cuemon.Extensions.IO.Tests.csproj", "{D80027A4-509D-4F08-9AC5-49133EAD57B2}"
EndProject
Project("{9A19103F-16F7-4668-BE54-9A1E7A4F7556}") = "Cuemon.Extensions.Reflection.Tests", "test\Cuemon.Extensions.Reflection.Tests\Cuemon.Extensions.Reflection.Tests.csproj", "{6FA157C8-D254-4333-8C91-C9694D8AD599}"
EndProject
Project("{9A19103F-16F7-4668-BE54-9A1E7A4F7556}") = "Cuemon.Extensions.Data.Tests", "test\Cuemon.Extensions.Data.Tests\Cuemon.Extensions.Data.Tests.csproj", "{C5C7510A-E4E6-4C1A-A98F-67DA4218DDFD}"
EndProject
Project("{9A19103F-16F7-4668-BE54-9A1E7A4F7556}") = "Cuemon.Extensions.DependencyInjection.Tests", "test\Cuemon.Extensions.DependencyInjection.Tests\Cuemon.Extensions.DependencyInjection.Tests.csproj", "{F15DA9B3-6C93-4813-8FF6-94EFC6E0CE2B}"
EndProject
Project("{9A19103F-16F7-4668-BE54-9A1E7A4F7556}") = "Cuemon.Extensions.AspNetCore.Mvc.RazorPages", "src\Cuemon.Extensions.AspNetCore.Mvc.RazorPages\Cuemon.Extensions.AspNetCore.Mvc.RazorPages.csproj", "{C6B592E8-2413-4BFF-ADF2-8A72C62199E3}"
EndProject
Project("{9A19103F-16F7-4668-BE54-9A1E7A4F7556}") = "Cuemon.AspNetCore.Razor.TagHelpers.Tests", "test\Cuemon.AspNetCore.Razor.TagHelpers.Tests\Cuemon.AspNetCore.Razor.TagHelpers.Tests.csproj", "{9D83BDB8-153B-4159-8F7B-054A464BCE44}"
EndProject
Project("{9A19103F-16F7-4668-BE54-9A1E7A4F7556}") = "Cuemon.Extensions.AspNetCore.Mvc.RazorPages.Tests", "test\Cuemon.Extensions.AspNetCore.Mvc.RazorPages.Tests\Cuemon.Extensions.AspNetCore.Mvc.RazorPages.Tests.csproj", "{7E486338-CC7F-455A-8E88-A17284087431}"
EndProject
Project("{9A19103F-16F7-4668-BE54-9A1E7A4F7556}") = "Cuemon.Extensions.AspNetCore.Mvc.Formatters.Text.Json", "src\Cuemon.Extensions.AspNetCore.Mvc.Formatters.Text.Json\Cuemon.Extensions.AspNetCore.Mvc.Formatters.Text.Json.csproj", "{A90ADF91-E7C7-4CB4-A39D-E1A5374C5602}"
EndProject
Project("{9A19103F-16F7-4668-BE54-9A1E7A4F7556}") = "Cuemon.Extensions.Text.Json", "src\Cuemon.Extensions.Text.Json\Cuemon.Extensions.Text.Json.csproj", "{A80ADF91-E7C7-4CB4-A39D-E1A5374C5602}"
EndProject
Project("{9A19103F-16F7-4668-BE54-9A1E7A4F7556}") = "Cuemon.Extensions.Text.Json.Tests", "test\Cuemon.Extensions.Text.Json.Tests\Cuemon.Extensions.Text.Json.Tests.csproj", "{7B45D887-4AF1-4846-9006-BC44B0EDB81B}"
EndProject
Project("{9A19103F-16F7-4668-BE54-9A1E7A4F7556}") = "Cuemon.Extensions.AspNetCore.Mvc.Formatters.Text.Json.Tests", "test\Cuemon.Extensions.AspNetCore.Mvc.Formatters.Text.Json.Tests\Cuemon.Extensions.AspNetCore.Mvc.Formatters.Text.Json.Tests.csproj", "{8F0517E0-418A-4BD7-A63A-6C717FA20574}"
EndProject
Project("{2150E333-8FDC-42A3-9474-1A3956D46DE8}") = "Solution Items", "Solution Items", "{C067BE4E-97AC-44B0-8A0A-E0F61B1E722A}"
	ProjectSection(SolutionItems) = preProject
		.editorconfig = .editorconfig
	EndProjectSection
EndProject
Project("{9A19103F-16F7-4668-BE54-9A1E7A4F7556}") = "Cuemon.Extensions.AspNetCore.Authentication.Tests", "test\Cuemon.Extensions.AspNetCore.Authentication.Tests\Cuemon.Extensions.AspNetCore.Authentication.Tests.csproj", "{93564653-ABE7-413D-9C4A-A9894CEE8F97}"
EndProject
Project("{9A19103F-16F7-4668-BE54-9A1E7A4F7556}") = "Cuemon.Extensions.AspNetCore.Xml", "src\Cuemon.Extensions.AspNetCore.Xml\Cuemon.Extensions.AspNetCore.Xml.csproj", "{AF0ADF91-E7C7-4CB4-A39D-E1A5374C5602}"
EndProject
Project("{9A19103F-16F7-4668-BE54-9A1E7A4F7556}") = "Cuemon.Extensions.AspNetCore.Text.Json", "src\Cuemon.Extensions.AspNetCore.Text.Json\Cuemon.Extensions.AspNetCore.Text.Json.csproj", "{AE0ADF91-E7C7-4CB4-A39D-E1A5374C5602}"
EndProject
Project("{FAE04EC0-301F-11D3-BF4B-00C04F79EFBC}") = "Cuemon.AspNetCore.Mvc.FunctionalTests", "test\Cuemon.AspNetCore.Mvc.FunctionalTests\Cuemon.AspNetCore.Mvc.FunctionalTests.csproj", "{28AC63CA-9E57-4C36-81B4-C03DD0CFC0EA}"
EndProject
Project("{FAE04EC0-301F-11D3-BF4B-00C04F79EFBC}") = "Cuemon.AspNetCore.FunctionalTests", "test\Cuemon.AspNetCore.FunctionalTests\Cuemon.AspNetCore.FunctionalTests.csproj", "{0618AFB5-D95A-48F9-A07A-B3A2DB876FC0}"
EndProject
Global
	GlobalSection(SolutionConfigurationPlatforms) = preSolution
		Debug|Any CPU = Debug|Any CPU
		Release|Any CPU = Release|Any CPU
	EndGlobalSection
	GlobalSection(ProjectConfigurationPlatforms) = postSolution
		{000BDF91-E7C7-4CB4-A39D-E1A5374C5602}.Debug|Any CPU.ActiveCfg = Debug|Any CPU
		{000BDF91-E7C7-4CB4-A39D-E1A5374C5602}.Debug|Any CPU.Build.0 = Debug|Any CPU
		{000BDF91-E7C7-4CB4-A39D-E1A5374C5602}.Release|Any CPU.ActiveCfg = Release|Any CPU
		{000BDF91-E7C7-4CB4-A39D-E1A5374C5602}.Release|Any CPU.Build.0 = Release|Any CPU
		{A20ADF91-E7C7-4CB4-A39D-E1A5374C5602}.Debug|Any CPU.ActiveCfg = Debug|Any CPU
		{A20ADF91-E7C7-4CB4-A39D-E1A5374C5602}.Debug|Any CPU.Build.0 = Debug|Any CPU
		{A20ADF91-E7C7-4CB4-A39D-E1A5374C5602}.Release|Any CPU.ActiveCfg = Release|Any CPU
		{A20ADF91-E7C7-4CB4-A39D-E1A5374C5602}.Release|Any CPU.Build.0 = Release|Any CPU
		{A00ADF91-E7C7-4CB4-A39D-E1A5374C5602}.Debug|Any CPU.ActiveCfg = Debug|Any CPU
		{A00ADF91-E7C7-4CB4-A39D-E1A5374C5602}.Debug|Any CPU.Build.0 = Debug|Any CPU
		{A00ADF91-E7C7-4CB4-A39D-E1A5374C5602}.Release|Any CPU.ActiveCfg = Release|Any CPU
		{A00ADF91-E7C7-4CB4-A39D-E1A5374C5602}.Release|Any CPU.Build.0 = Release|Any CPU
		{A70ADF91-E7C7-4CB4-A39D-E1A5374C5602}.Debug|Any CPU.ActiveCfg = Debug|Any CPU
		{A70ADF91-E7C7-4CB4-A39D-E1A5374C5602}.Debug|Any CPU.Build.0 = Debug|Any CPU
		{A70ADF91-E7C7-4CB4-A39D-E1A5374C5602}.Release|Any CPU.ActiveCfg = Release|Any CPU
		{A70ADF91-E7C7-4CB4-A39D-E1A5374C5602}.Release|Any CPU.Build.0 = Release|Any CPU
		{060BDF91-E7C7-4CB4-A39D-E1A5374C5602}.Debug|Any CPU.ActiveCfg = Debug|Any CPU
		{060BDF91-E7C7-4CB4-A39D-E1A5374C5602}.Debug|Any CPU.Build.0 = Debug|Any CPU
		{060BDF91-E7C7-4CB4-A39D-E1A5374C5602}.Release|Any CPU.ActiveCfg = Release|Any CPU
		{060BDF91-E7C7-4CB4-A39D-E1A5374C5602}.Release|Any CPU.Build.0 = Release|Any CPU
		{0A0BDF91-E7C7-4CB4-A39D-E1A5374C5602}.Debug|Any CPU.ActiveCfg = Debug|Any CPU
		{0A0BDF91-E7C7-4CB4-A39D-E1A5374C5602}.Debug|Any CPU.Build.0 = Debug|Any CPU
		{0A0BDF91-E7C7-4CB4-A39D-E1A5374C5602}.Release|Any CPU.ActiveCfg = Release|Any CPU
		{0A0BDF91-E7C7-4CB4-A39D-E1A5374C5602}.Release|Any CPU.Build.0 = Release|Any CPU
		{020BDF91-E7C7-4CB4-A39D-E1A5374C5602}.Debug|Any CPU.ActiveCfg = Debug|Any CPU
		{020BDF91-E7C7-4CB4-A39D-E1A5374C5602}.Debug|Any CPU.Build.0 = Debug|Any CPU
		{020BDF91-E7C7-4CB4-A39D-E1A5374C5602}.Release|Any CPU.ActiveCfg = Release|Any CPU
		{020BDF91-E7C7-4CB4-A39D-E1A5374C5602}.Release|Any CPU.Build.0 = Release|Any CPU
		{0C0BDF91-E7C7-4CB4-A39D-E1A5374C5602}.Debug|Any CPU.ActiveCfg = Debug|Any CPU
		{0C0BDF91-E7C7-4CB4-A39D-E1A5374C5602}.Debug|Any CPU.Build.0 = Debug|Any CPU
		{0C0BDF91-E7C7-4CB4-A39D-E1A5374C5602}.Release|Any CPU.ActiveCfg = Release|Any CPU
		{0C0BDF91-E7C7-4CB4-A39D-E1A5374C5602}.Release|Any CPU.Build.0 = Release|Any CPU
		{010BDF91-E7C7-4CB4-A39D-E1A5374C5602}.Debug|Any CPU.ActiveCfg = Debug|Any CPU
		{010BDF91-E7C7-4CB4-A39D-E1A5374C5602}.Debug|Any CPU.Build.0 = Debug|Any CPU
		{010BDF91-E7C7-4CB4-A39D-E1A5374C5602}.Release|Any CPU.ActiveCfg = Release|Any CPU
		{010BDF91-E7C7-4CB4-A39D-E1A5374C5602}.Release|Any CPU.Build.0 = Release|Any CPU
		{040BDF91-E7C7-4CB4-A39D-E1A5374C5602}.Debug|Any CPU.ActiveCfg = Debug|Any CPU
		{040BDF91-E7C7-4CB4-A39D-E1A5374C5602}.Debug|Any CPU.Build.0 = Debug|Any CPU
		{040BDF91-E7C7-4CB4-A39D-E1A5374C5602}.Release|Any CPU.ActiveCfg = Release|Any CPU
		{040BDF91-E7C7-4CB4-A39D-E1A5374C5602}.Release|Any CPU.Build.0 = Release|Any CPU
		{090BDF91-E7C7-4CB4-A39D-E1A5374C5602}.Debug|Any CPU.ActiveCfg = Debug|Any CPU
		{090BDF91-E7C7-4CB4-A39D-E1A5374C5602}.Debug|Any CPU.Build.0 = Debug|Any CPU
		{090BDF91-E7C7-4CB4-A39D-E1A5374C5602}.Release|Any CPU.ActiveCfg = Release|Any CPU
		{090BDF91-E7C7-4CB4-A39D-E1A5374C5602}.Release|Any CPU.Build.0 = Release|Any CPU
		{050BDF91-E7C7-4CB4-A39D-E1A5374C5602}.Debug|Any CPU.ActiveCfg = Debug|Any CPU
		{050BDF91-E7C7-4CB4-A39D-E1A5374C5602}.Debug|Any CPU.Build.0 = Debug|Any CPU
		{050BDF91-E7C7-4CB4-A39D-E1A5374C5602}.Release|Any CPU.ActiveCfg = Release|Any CPU
		{050BDF91-E7C7-4CB4-A39D-E1A5374C5602}.Release|Any CPU.Build.0 = Release|Any CPU
		{070BDF91-E7C7-4CB4-A39D-E1A5374C5602}.Debug|Any CPU.ActiveCfg = Debug|Any CPU
		{070BDF91-E7C7-4CB4-A39D-E1A5374C5602}.Debug|Any CPU.Build.0 = Debug|Any CPU
		{070BDF91-E7C7-4CB4-A39D-E1A5374C5602}.Release|Any CPU.ActiveCfg = Release|Any CPU
		{070BDF91-E7C7-4CB4-A39D-E1A5374C5602}.Release|Any CPU.Build.0 = Release|Any CPU
		{030BDF91-E7C7-4CB4-A39D-E1A5374C5602}.Debug|Any CPU.ActiveCfg = Debug|Any CPU
		{030BDF91-E7C7-4CB4-A39D-E1A5374C5602}.Debug|Any CPU.Build.0 = Debug|Any CPU
		{030BDF91-E7C7-4CB4-A39D-E1A5374C5602}.Release|Any CPU.ActiveCfg = Release|Any CPU
		{030BDF91-E7C7-4CB4-A39D-E1A5374C5602}.Release|Any CPU.Build.0 = Release|Any CPU
		{A40ADF91-E7C7-4CB4-A39D-E1A5374C5602}.Debug|Any CPU.ActiveCfg = Debug|Any CPU
		{A40ADF91-E7C7-4CB4-A39D-E1A5374C5602}.Debug|Any CPU.Build.0 = Debug|Any CPU
		{A40ADF91-E7C7-4CB4-A39D-E1A5374C5602}.Release|Any CPU.ActiveCfg = Release|Any CPU
		{A40ADF91-E7C7-4CB4-A39D-E1A5374C5602}.Release|Any CPU.Build.0 = Release|Any CPU
		{A50ADF91-E7C7-4CB4-A39D-E1A5374C5602}.Debug|Any CPU.ActiveCfg = Debug|Any CPU
		{A50ADF91-E7C7-4CB4-A39D-E1A5374C5602}.Debug|Any CPU.Build.0 = Debug|Any CPU
		{A50ADF91-E7C7-4CB4-A39D-E1A5374C5602}.Release|Any CPU.ActiveCfg = Release|Any CPU
		{A50ADF91-E7C7-4CB4-A39D-E1A5374C5602}.Release|Any CPU.Build.0 = Release|Any CPU
		{A10ADF91-E7C7-4CB4-A39D-E1A5374C5602}.Debug|Any CPU.ActiveCfg = Debug|Any CPU
		{A10ADF91-E7C7-4CB4-A39D-E1A5374C5602}.Debug|Any CPU.Build.0 = Debug|Any CPU
		{A10ADF91-E7C7-4CB4-A39D-E1A5374C5602}.Release|Any CPU.ActiveCfg = Release|Any CPU
		{A10ADF91-E7C7-4CB4-A39D-E1A5374C5602}.Release|Any CPU.Build.0 = Release|Any CPU
		{A30ADF91-E7C7-4CB4-A39D-E1A5374C5602}.Debug|Any CPU.ActiveCfg = Debug|Any CPU
		{A30ADF91-E7C7-4CB4-A39D-E1A5374C5602}.Debug|Any CPU.Build.0 = Debug|Any CPU
		{A30ADF91-E7C7-4CB4-A39D-E1A5374C5602}.Release|Any CPU.ActiveCfg = Release|Any CPU
		{A30ADF91-E7C7-4CB4-A39D-E1A5374C5602}.Release|Any CPU.Build.0 = Release|Any CPU
		{CDE37A87-B35E-4F9B-9C5A-32E9B22A1B69}.Debug|Any CPU.ActiveCfg = Debug|Any CPU
		{CDE37A87-B35E-4F9B-9C5A-32E9B22A1B69}.Debug|Any CPU.Build.0 = Debug|Any CPU
		{CDE37A87-B35E-4F9B-9C5A-32E9B22A1B69}.Release|Any CPU.ActiveCfg = Release|Any CPU
		{CDE37A87-B35E-4F9B-9C5A-32E9B22A1B69}.Release|Any CPU.Build.0 = Release|Any CPU
		{E8F32745-6E13-438E-8A7D-DD60AF071B89}.Debug|Any CPU.ActiveCfg = Debug|Any CPU
		{E8F32745-6E13-438E-8A7D-DD60AF071B89}.Debug|Any CPU.Build.0 = Debug|Any CPU
		{E8F32745-6E13-438E-8A7D-DD60AF071B89}.Release|Any CPU.ActiveCfg = Release|Any CPU
		{E8F32745-6E13-438E-8A7D-DD60AF071B89}.Release|Any CPU.Build.0 = Release|Any CPU
		{E1C8F634-F655-487D-80B4-82F5F149FBA9}.Debug|Any CPU.ActiveCfg = Debug|Any CPU
		{E1C8F634-F655-487D-80B4-82F5F149FBA9}.Debug|Any CPU.Build.0 = Debug|Any CPU
		{E1C8F634-F655-487D-80B4-82F5F149FBA9}.Release|Any CPU.ActiveCfg = Release|Any CPU
		{E1C8F634-F655-487D-80B4-82F5F149FBA9}.Release|Any CPU.Build.0 = Release|Any CPU
		{4B1D7CA2-67E0-4D54-BBCA-6607A7770E44}.Debug|Any CPU.ActiveCfg = Debug|Any CPU
		{4B1D7CA2-67E0-4D54-BBCA-6607A7770E44}.Debug|Any CPU.Build.0 = Debug|Any CPU
		{4B1D7CA2-67E0-4D54-BBCA-6607A7770E44}.Release|Any CPU.ActiveCfg = Release|Any CPU
		{4B1D7CA2-67E0-4D54-BBCA-6607A7770E44}.Release|Any CPU.Build.0 = Release|Any CPU
		{6ACD0AEE-4B47-4B29-9EA8-4FF9C20FF2F6}.Debug|Any CPU.ActiveCfg = Debug|Any CPU
		{6ACD0AEE-4B47-4B29-9EA8-4FF9C20FF2F6}.Debug|Any CPU.Build.0 = Debug|Any CPU
		{6ACD0AEE-4B47-4B29-9EA8-4FF9C20FF2F6}.Release|Any CPU.ActiveCfg = Release|Any CPU
		{6ACD0AEE-4B47-4B29-9EA8-4FF9C20FF2F6}.Release|Any CPU.Build.0 = Release|Any CPU
		{0E0BDF91-E7C7-4CB4-A39D-E1A5374C5602}.Debug|Any CPU.ActiveCfg = Debug|Any CPU
		{0E0BDF91-E7C7-4CB4-A39D-E1A5374C5602}.Debug|Any CPU.Build.0 = Debug|Any CPU
		{0E0BDF91-E7C7-4CB4-A39D-E1A5374C5602}.Release|Any CPU.ActiveCfg = Release|Any CPU
		{0E0BDF91-E7C7-4CB4-A39D-E1A5374C5602}.Release|Any CPU.Build.0 = Release|Any CPU
		{0F0BDF91-E7C7-4CB4-A39D-E1A5374C5602}.Debug|Any CPU.ActiveCfg = Debug|Any CPU
		{0F0BDF91-E7C7-4CB4-A39D-E1A5374C5602}.Debug|Any CPU.Build.0 = Debug|Any CPU
		{0F0BDF91-E7C7-4CB4-A39D-E1A5374C5602}.Release|Any CPU.ActiveCfg = Release|Any CPU
		{0F0BDF91-E7C7-4CB4-A39D-E1A5374C5602}.Release|Any CPU.Build.0 = Release|Any CPU
		{834885CF-3D43-4864-8C9A-8B749F957D90}.Debug|Any CPU.ActiveCfg = Debug|Any CPU
		{834885CF-3D43-4864-8C9A-8B749F957D90}.Debug|Any CPU.Build.0 = Debug|Any CPU
		{834885CF-3D43-4864-8C9A-8B749F957D90}.Release|Any CPU.ActiveCfg = Release|Any CPU
		{834885CF-3D43-4864-8C9A-8B749F957D90}.Release|Any CPU.Build.0 = Release|Any CPU
		{438DB982-F1D1-45E7-8397-9356EF520595}.Debug|Any CPU.ActiveCfg = Debug|Any CPU
		{438DB982-F1D1-45E7-8397-9356EF520595}.Debug|Any CPU.Build.0 = Debug|Any CPU
		{438DB982-F1D1-45E7-8397-9356EF520595}.Release|Any CPU.ActiveCfg = Release|Any CPU
		{438DB982-F1D1-45E7-8397-9356EF520595}.Release|Any CPU.Build.0 = Release|Any CPU
		{100BDF91-E7C7-4CB4-A39D-E1A5374C5602}.Debug|Any CPU.ActiveCfg = Debug|Any CPU
		{100BDF91-E7C7-4CB4-A39D-E1A5374C5602}.Debug|Any CPU.Build.0 = Debug|Any CPU
		{100BDF91-E7C7-4CB4-A39D-E1A5374C5602}.Release|Any CPU.ActiveCfg = Release|Any CPU
		{100BDF91-E7C7-4CB4-A39D-E1A5374C5602}.Release|Any CPU.Build.0 = Release|Any CPU
		{80039061-381F-4C48-A7C3-B367E61AE1AC}.Debug|Any CPU.ActiveCfg = Debug|Any CPU
		{80039061-381F-4C48-A7C3-B367E61AE1AC}.Debug|Any CPU.Build.0 = Debug|Any CPU
		{80039061-381F-4C48-A7C3-B367E61AE1AC}.Release|Any CPU.ActiveCfg = Release|Any CPU
		{80039061-381F-4C48-A7C3-B367E61AE1AC}.Release|Any CPU.Build.0 = Release|Any CPU
		{110BDF91-E7C7-4CB4-A39D-E1A5374C5602}.Debug|Any CPU.ActiveCfg = Debug|Any CPU
		{110BDF91-E7C7-4CB4-A39D-E1A5374C5602}.Debug|Any CPU.Build.0 = Debug|Any CPU
		{110BDF91-E7C7-4CB4-A39D-E1A5374C5602}.Release|Any CPU.ActiveCfg = Release|Any CPU
		{110BDF91-E7C7-4CB4-A39D-E1A5374C5602}.Release|Any CPU.Build.0 = Release|Any CPU
		{120BDF91-E7C7-4CB4-A39D-E1A5374C5602}.Debug|Any CPU.ActiveCfg = Debug|Any CPU
		{120BDF91-E7C7-4CB4-A39D-E1A5374C5602}.Debug|Any CPU.Build.0 = Debug|Any CPU
		{120BDF91-E7C7-4CB4-A39D-E1A5374C5602}.Release|Any CPU.ActiveCfg = Release|Any CPU
		{120BDF91-E7C7-4CB4-A39D-E1A5374C5602}.Release|Any CPU.Build.0 = Release|Any CPU
		{72652593-7D2A-4E7D-936F-3C9D11E685FE}.Debug|Any CPU.ActiveCfg = Debug|Any CPU
		{72652593-7D2A-4E7D-936F-3C9D11E685FE}.Debug|Any CPU.Build.0 = Debug|Any CPU
		{72652593-7D2A-4E7D-936F-3C9D11E685FE}.Release|Any CPU.ActiveCfg = Release|Any CPU
		{72652593-7D2A-4E7D-936F-3C9D11E685FE}.Release|Any CPU.Build.0 = Release|Any CPU
		{A17299D9-AD7D-47C2-B02F-A2E108948C34}.Debug|Any CPU.ActiveCfg = Debug|Any CPU
		{A17299D9-AD7D-47C2-B02F-A2E108948C34}.Debug|Any CPU.Build.0 = Debug|Any CPU
		{A17299D9-AD7D-47C2-B02F-A2E108948C34}.Release|Any CPU.ActiveCfg = Release|Any CPU
		{A17299D9-AD7D-47C2-B02F-A2E108948C34}.Release|Any CPU.Build.0 = Release|Any CPU
		{130BDF91-E7C7-4CB4-A39D-E1A5374C5602}.Debug|Any CPU.ActiveCfg = Debug|Any CPU
		{130BDF91-E7C7-4CB4-A39D-E1A5374C5602}.Debug|Any CPU.Build.0 = Debug|Any CPU
		{130BDF91-E7C7-4CB4-A39D-E1A5374C5602}.Release|Any CPU.ActiveCfg = Release|Any CPU
		{130BDF91-E7C7-4CB4-A39D-E1A5374C5602}.Release|Any CPU.Build.0 = Release|Any CPU
		{140BDF91-E7C7-4CB4-A39D-E1A5374C5602}.Debug|Any CPU.ActiveCfg = Debug|Any CPU
		{140BDF91-E7C7-4CB4-A39D-E1A5374C5602}.Debug|Any CPU.Build.0 = Debug|Any CPU
		{140BDF91-E7C7-4CB4-A39D-E1A5374C5602}.Release|Any CPU.ActiveCfg = Release|Any CPU
		{140BDF91-E7C7-4CB4-A39D-E1A5374C5602}.Release|Any CPU.Build.0 = Release|Any CPU
		{9EFB7F2D-4FC9-4EA7-917E-4481CC24ED2B}.Debug|Any CPU.ActiveCfg = Debug|Any CPU
		{9EFB7F2D-4FC9-4EA7-917E-4481CC24ED2B}.Debug|Any CPU.Build.0 = Debug|Any CPU
		{9EFB7F2D-4FC9-4EA7-917E-4481CC24ED2B}.Release|Any CPU.ActiveCfg = Release|Any CPU
		{9EFB7F2D-4FC9-4EA7-917E-4481CC24ED2B}.Release|Any CPU.Build.0 = Release|Any CPU
		{150BDF91-E7C7-4CB4-A39D-E1A5374C5602}.Debug|Any CPU.ActiveCfg = Debug|Any CPU
		{150BDF91-E7C7-4CB4-A39D-E1A5374C5602}.Debug|Any CPU.Build.0 = Debug|Any CPU
		{150BDF91-E7C7-4CB4-A39D-E1A5374C5602}.Release|Any CPU.ActiveCfg = Release|Any CPU
		{150BDF91-E7C7-4CB4-A39D-E1A5374C5602}.Release|Any CPU.Build.0 = Release|Any CPU
		{F1F4FA5D-7ABB-4ADC-B7F9-A94BE2D10694}.Debug|Any CPU.ActiveCfg = Debug|Any CPU
		{F1F4FA5D-7ABB-4ADC-B7F9-A94BE2D10694}.Debug|Any CPU.Build.0 = Debug|Any CPU
		{F1F4FA5D-7ABB-4ADC-B7F9-A94BE2D10694}.Release|Any CPU.ActiveCfg = Release|Any CPU
		{F1F4FA5D-7ABB-4ADC-B7F9-A94BE2D10694}.Release|Any CPU.Build.0 = Release|Any CPU
		{160BDF91-E7C7-4CB4-A39D-E1A5374C5602}.Debug|Any CPU.ActiveCfg = Debug|Any CPU
		{160BDF91-E7C7-4CB4-A39D-E1A5374C5602}.Debug|Any CPU.Build.0 = Debug|Any CPU
		{160BDF91-E7C7-4CB4-A39D-E1A5374C5602}.Release|Any CPU.ActiveCfg = Release|Any CPU
		{160BDF91-E7C7-4CB4-A39D-E1A5374C5602}.Release|Any CPU.Build.0 = Release|Any CPU
		{170BDF91-E7C7-4CB4-A39D-E1A5374C5602}.Debug|Any CPU.ActiveCfg = Debug|Any CPU
		{170BDF91-E7C7-4CB4-A39D-E1A5374C5602}.Debug|Any CPU.Build.0 = Debug|Any CPU
		{170BDF91-E7C7-4CB4-A39D-E1A5374C5602}.Release|Any CPU.ActiveCfg = Release|Any CPU
		{170BDF91-E7C7-4CB4-A39D-E1A5374C5602}.Release|Any CPU.Build.0 = Release|Any CPU
		{CD9E3980-C0E5-4892-90EE-F08218CF4033}.Debug|Any CPU.ActiveCfg = Debug|Any CPU
		{CD9E3980-C0E5-4892-90EE-F08218CF4033}.Debug|Any CPU.Build.0 = Debug|Any CPU
		{CD9E3980-C0E5-4892-90EE-F08218CF4033}.Release|Any CPU.ActiveCfg = Release|Any CPU
		{CD9E3980-C0E5-4892-90EE-F08218CF4033}.Release|Any CPU.Build.0 = Release|Any CPU
		{9B4435A6-2A9A-426B-BB22-899F7F9711CC}.Debug|Any CPU.ActiveCfg = Debug|Any CPU
		{9B4435A6-2A9A-426B-BB22-899F7F9711CC}.Debug|Any CPU.Build.0 = Debug|Any CPU
		{9B4435A6-2A9A-426B-BB22-899F7F9711CC}.Release|Any CPU.ActiveCfg = Release|Any CPU
		{9B4435A6-2A9A-426B-BB22-899F7F9711CC}.Release|Any CPU.Build.0 = Release|Any CPU
		{180BDF91-E7C7-4CB4-A39D-E1A5374C5602}.Debug|Any CPU.ActiveCfg = Debug|Any CPU
		{180BDF91-E7C7-4CB4-A39D-E1A5374C5602}.Debug|Any CPU.Build.0 = Debug|Any CPU
		{180BDF91-E7C7-4CB4-A39D-E1A5374C5602}.Release|Any CPU.ActiveCfg = Release|Any CPU
		{180BDF91-E7C7-4CB4-A39D-E1A5374C5602}.Release|Any CPU.Build.0 = Release|Any CPU
		{190BDF91-E7C7-4CB4-A39D-E1A5374C5602}.Debug|Any CPU.ActiveCfg = Debug|Any CPU
		{190BDF91-E7C7-4CB4-A39D-E1A5374C5602}.Debug|Any CPU.Build.0 = Debug|Any CPU
		{190BDF91-E7C7-4CB4-A39D-E1A5374C5602}.Release|Any CPU.ActiveCfg = Release|Any CPU
		{190BDF91-E7C7-4CB4-A39D-E1A5374C5602}.Release|Any CPU.Build.0 = Release|Any CPU
		{1A0BDF91-E7C7-4CB4-A39D-E1A5374C5602}.Debug|Any CPU.ActiveCfg = Debug|Any CPU
		{1A0BDF91-E7C7-4CB4-A39D-E1A5374C5602}.Debug|Any CPU.Build.0 = Debug|Any CPU
		{1A0BDF91-E7C7-4CB4-A39D-E1A5374C5602}.Release|Any CPU.ActiveCfg = Release|Any CPU
		{1A0BDF91-E7C7-4CB4-A39D-E1A5374C5602}.Release|Any CPU.Build.0 = Release|Any CPU
		{06559CB0-899C-4B48-AFB8-633CBF97A766}.Debug|Any CPU.ActiveCfg = Debug|Any CPU
		{06559CB0-899C-4B48-AFB8-633CBF97A766}.Debug|Any CPU.Build.0 = Debug|Any CPU
		{06559CB0-899C-4B48-AFB8-633CBF97A766}.Release|Any CPU.ActiveCfg = Release|Any CPU
		{06559CB0-899C-4B48-AFB8-633CBF97A766}.Release|Any CPU.Build.0 = Release|Any CPU
		{1B0BDF91-E7C7-4CB4-A39D-E1A5374C5602}.Debug|Any CPU.ActiveCfg = Debug|Any CPU
		{1B0BDF91-E7C7-4CB4-A39D-E1A5374C5602}.Debug|Any CPU.Build.0 = Debug|Any CPU
		{1B0BDF91-E7C7-4CB4-A39D-E1A5374C5602}.Release|Any CPU.ActiveCfg = Release|Any CPU
		{1B0BDF91-E7C7-4CB4-A39D-E1A5374C5602}.Release|Any CPU.Build.0 = Release|Any CPU
		{5D67081C-4458-41AA-A1F5-FAC974D29FDF}.Debug|Any CPU.ActiveCfg = Debug|Any CPU
		{5D67081C-4458-41AA-A1F5-FAC974D29FDF}.Debug|Any CPU.Build.0 = Debug|Any CPU
		{5D67081C-4458-41AA-A1F5-FAC974D29FDF}.Release|Any CPU.ActiveCfg = Release|Any CPU
		{5D67081C-4458-41AA-A1F5-FAC974D29FDF}.Release|Any CPU.Build.0 = Release|Any CPU
		{1D0BDF91-E7C7-4CB4-A39D-E1A5374C5602}.Debug|Any CPU.ActiveCfg = Debug|Any CPU
		{1D0BDF91-E7C7-4CB4-A39D-E1A5374C5602}.Debug|Any CPU.Build.0 = Debug|Any CPU
		{1D0BDF91-E7C7-4CB4-A39D-E1A5374C5602}.Release|Any CPU.ActiveCfg = Release|Any CPU
		{1D0BDF91-E7C7-4CB4-A39D-E1A5374C5602}.Release|Any CPU.Build.0 = Release|Any CPU
		{581174AB-62AA-4A04-85DE-4F9E307C9712}.Debug|Any CPU.ActiveCfg = Debug|Any CPU
		{581174AB-62AA-4A04-85DE-4F9E307C9712}.Debug|Any CPU.Build.0 = Debug|Any CPU
		{581174AB-62AA-4A04-85DE-4F9E307C9712}.Release|Any CPU.ActiveCfg = Release|Any CPU
		{581174AB-62AA-4A04-85DE-4F9E307C9712}.Release|Any CPU.Build.0 = Release|Any CPU
		{1F0BDF91-E7C7-4CB4-A39D-E1A5374C5602}.Debug|Any CPU.ActiveCfg = Debug|Any CPU
		{1F0BDF91-E7C7-4CB4-A39D-E1A5374C5602}.Debug|Any CPU.Build.0 = Debug|Any CPU
		{1F0BDF91-E7C7-4CB4-A39D-E1A5374C5602}.Release|Any CPU.ActiveCfg = Release|Any CPU
		{1F0BDF91-E7C7-4CB4-A39D-E1A5374C5602}.Release|Any CPU.Build.0 = Release|Any CPU
		{0F614FD1-BC7C-4F7F-9847-D3675614576C}.Debug|Any CPU.ActiveCfg = Debug|Any CPU
		{0F614FD1-BC7C-4F7F-9847-D3675614576C}.Debug|Any CPU.Build.0 = Debug|Any CPU
		{0F614FD1-BC7C-4F7F-9847-D3675614576C}.Release|Any CPU.ActiveCfg = Release|Any CPU
		{0F614FD1-BC7C-4F7F-9847-D3675614576C}.Release|Any CPU.Build.0 = Release|Any CPU
		{A9610C9E-1944-4771-A5E1-CE47ADA243D5}.Debug|Any CPU.ActiveCfg = Debug|Any CPU
		{A9610C9E-1944-4771-A5E1-CE47ADA243D5}.Debug|Any CPU.Build.0 = Debug|Any CPU
		{A9610C9E-1944-4771-A5E1-CE47ADA243D5}.Release|Any CPU.ActiveCfg = Release|Any CPU
		{A9610C9E-1944-4771-A5E1-CE47ADA243D5}.Release|Any CPU.Build.0 = Release|Any CPU
		{D29D6F7E-8A76-48AD-A042-EFC83CD474A5}.Debug|Any CPU.ActiveCfg = Debug|Any CPU
		{D29D6F7E-8A76-48AD-A042-EFC83CD474A5}.Debug|Any CPU.Build.0 = Debug|Any CPU
		{D29D6F7E-8A76-48AD-A042-EFC83CD474A5}.Release|Any CPU.ActiveCfg = Release|Any CPU
		{D29D6F7E-8A76-48AD-A042-EFC83CD474A5}.Release|Any CPU.Build.0 = Release|Any CPU
		{220BDF91-E7C7-4CB4-A39D-E1A5374C5602}.Debug|Any CPU.ActiveCfg = Debug|Any CPU
		{220BDF91-E7C7-4CB4-A39D-E1A5374C5602}.Debug|Any CPU.Build.0 = Debug|Any CPU
		{220BDF91-E7C7-4CB4-A39D-E1A5374C5602}.Release|Any CPU.ActiveCfg = Release|Any CPU
		{220BDF91-E7C7-4CB4-A39D-E1A5374C5602}.Release|Any CPU.Build.0 = Release|Any CPU
		{230BDF91-E7C7-4CB4-A39D-E1A5374C5602}.Debug|Any CPU.ActiveCfg = Debug|Any CPU
		{230BDF91-E7C7-4CB4-A39D-E1A5374C5602}.Debug|Any CPU.Build.0 = Debug|Any CPU
		{230BDF91-E7C7-4CB4-A39D-E1A5374C5602}.Release|Any CPU.ActiveCfg = Release|Any CPU
		{230BDF91-E7C7-4CB4-A39D-E1A5374C5602}.Release|Any CPU.Build.0 = Release|Any CPU
		{240BDF91-E7C7-4CB4-A39D-E1A5374C5602}.Debug|Any CPU.ActiveCfg = Debug|Any CPU
		{240BDF91-E7C7-4CB4-A39D-E1A5374C5602}.Debug|Any CPU.Build.0 = Debug|Any CPU
		{240BDF91-E7C7-4CB4-A39D-E1A5374C5602}.Release|Any CPU.ActiveCfg = Release|Any CPU
		{240BDF91-E7C7-4CB4-A39D-E1A5374C5602}.Release|Any CPU.Build.0 = Release|Any CPU
		{1B7303BF-417C-408B-9C95-170612A16372}.Debug|Any CPU.ActiveCfg = Debug|Any CPU
		{1B7303BF-417C-408B-9C95-170612A16372}.Debug|Any CPU.Build.0 = Debug|Any CPU
		{1B7303BF-417C-408B-9C95-170612A16372}.Release|Any CPU.ActiveCfg = Release|Any CPU
		{1B7303BF-417C-408B-9C95-170612A16372}.Release|Any CPU.Build.0 = Release|Any CPU
		{9A51294D-B94C-4F09-AD97-9241C7CCC914}.Debug|Any CPU.ActiveCfg = Debug|Any CPU
		{9A51294D-B94C-4F09-AD97-9241C7CCC914}.Debug|Any CPU.Build.0 = Debug|Any CPU
		{9A51294D-B94C-4F09-AD97-9241C7CCC914}.Release|Any CPU.ActiveCfg = Release|Any CPU
		{9A51294D-B94C-4F09-AD97-9241C7CCC914}.Release|Any CPU.Build.0 = Release|Any CPU
		{777E0306-C250-4C82-BFA4-5C7522AAB9D4}.Debug|Any CPU.ActiveCfg = Debug|Any CPU
		{777E0306-C250-4C82-BFA4-5C7522AAB9D4}.Debug|Any CPU.Build.0 = Debug|Any CPU
		{777E0306-C250-4C82-BFA4-5C7522AAB9D4}.Release|Any CPU.ActiveCfg = Release|Any CPU
		{777E0306-C250-4C82-BFA4-5C7522AAB9D4}.Release|Any CPU.Build.0 = Release|Any CPU
		{176F78D7-C6EE-4515-A54F-3D902CDD95E3}.Debug|Any CPU.ActiveCfg = Debug|Any CPU
		{176F78D7-C6EE-4515-A54F-3D902CDD95E3}.Debug|Any CPU.Build.0 = Debug|Any CPU
		{176F78D7-C6EE-4515-A54F-3D902CDD95E3}.Release|Any CPU.ActiveCfg = Release|Any CPU
		{176F78D7-C6EE-4515-A54F-3D902CDD95E3}.Release|Any CPU.Build.0 = Release|Any CPU
		{D4F63068-CCB8-4C9C-AA81-FAF031DCA5D9}.Debug|Any CPU.ActiveCfg = Debug|Any CPU
		{D4F63068-CCB8-4C9C-AA81-FAF031DCA5D9}.Debug|Any CPU.Build.0 = Debug|Any CPU
		{D4F63068-CCB8-4C9C-AA81-FAF031DCA5D9}.Release|Any CPU.ActiveCfg = Release|Any CPU
		{D4F63068-CCB8-4C9C-AA81-FAF031DCA5D9}.Release|Any CPU.Build.0 = Release|Any CPU
		{C6867EE8-73F9-435D-90CF-8546CF693903}.Debug|Any CPU.ActiveCfg = Debug|Any CPU
		{C6867EE8-73F9-435D-90CF-8546CF693903}.Debug|Any CPU.Build.0 = Debug|Any CPU
		{C6867EE8-73F9-435D-90CF-8546CF693903}.Release|Any CPU.ActiveCfg = Release|Any CPU
		{C6867EE8-73F9-435D-90CF-8546CF693903}.Release|Any CPU.Build.0 = Release|Any CPU
		{D80027A4-509D-4F08-9AC5-49133EAD57B2}.Debug|Any CPU.ActiveCfg = Debug|Any CPU
		{D80027A4-509D-4F08-9AC5-49133EAD57B2}.Debug|Any CPU.Build.0 = Debug|Any CPU
		{D80027A4-509D-4F08-9AC5-49133EAD57B2}.Release|Any CPU.ActiveCfg = Release|Any CPU
		{D80027A4-509D-4F08-9AC5-49133EAD57B2}.Release|Any CPU.Build.0 = Release|Any CPU
		{6FA157C8-D254-4333-8C91-C9694D8AD599}.Debug|Any CPU.ActiveCfg = Debug|Any CPU
		{6FA157C8-D254-4333-8C91-C9694D8AD599}.Debug|Any CPU.Build.0 = Debug|Any CPU
		{6FA157C8-D254-4333-8C91-C9694D8AD599}.Release|Any CPU.ActiveCfg = Release|Any CPU
		{6FA157C8-D254-4333-8C91-C9694D8AD599}.Release|Any CPU.Build.0 = Release|Any CPU
		{C5C7510A-E4E6-4C1A-A98F-67DA4218DDFD}.Debug|Any CPU.ActiveCfg = Debug|Any CPU
		{C5C7510A-E4E6-4C1A-A98F-67DA4218DDFD}.Debug|Any CPU.Build.0 = Debug|Any CPU
		{C5C7510A-E4E6-4C1A-A98F-67DA4218DDFD}.Release|Any CPU.ActiveCfg = Release|Any CPU
		{C5C7510A-E4E6-4C1A-A98F-67DA4218DDFD}.Release|Any CPU.Build.0 = Release|Any CPU
		{F15DA9B3-6C93-4813-8FF6-94EFC6E0CE2B}.Debug|Any CPU.ActiveCfg = Debug|Any CPU
		{F15DA9B3-6C93-4813-8FF6-94EFC6E0CE2B}.Debug|Any CPU.Build.0 = Debug|Any CPU
		{F15DA9B3-6C93-4813-8FF6-94EFC6E0CE2B}.Release|Any CPU.ActiveCfg = Release|Any CPU
		{F15DA9B3-6C93-4813-8FF6-94EFC6E0CE2B}.Release|Any CPU.Build.0 = Release|Any CPU
		{C6B592E8-2413-4BFF-ADF2-8A72C62199E3}.Debug|Any CPU.ActiveCfg = Debug|Any CPU
		{C6B592E8-2413-4BFF-ADF2-8A72C62199E3}.Debug|Any CPU.Build.0 = Debug|Any CPU
		{C6B592E8-2413-4BFF-ADF2-8A72C62199E3}.Release|Any CPU.ActiveCfg = Release|Any CPU
		{C6B592E8-2413-4BFF-ADF2-8A72C62199E3}.Release|Any CPU.Build.0 = Release|Any CPU
		{9D83BDB8-153B-4159-8F7B-054A464BCE44}.Debug|Any CPU.ActiveCfg = Debug|Any CPU
		{9D83BDB8-153B-4159-8F7B-054A464BCE44}.Debug|Any CPU.Build.0 = Debug|Any CPU
		{9D83BDB8-153B-4159-8F7B-054A464BCE44}.Release|Any CPU.ActiveCfg = Release|Any CPU
		{9D83BDB8-153B-4159-8F7B-054A464BCE44}.Release|Any CPU.Build.0 = Release|Any CPU
		{7E486338-CC7F-455A-8E88-A17284087431}.Debug|Any CPU.ActiveCfg = Debug|Any CPU
		{7E486338-CC7F-455A-8E88-A17284087431}.Debug|Any CPU.Build.0 = Debug|Any CPU
		{7E486338-CC7F-455A-8E88-A17284087431}.Release|Any CPU.ActiveCfg = Release|Any CPU
		{7E486338-CC7F-455A-8E88-A17284087431}.Release|Any CPU.Build.0 = Release|Any CPU
		{A90ADF91-E7C7-4CB4-A39D-E1A5374C5602}.Debug|Any CPU.ActiveCfg = Debug|Any CPU
		{A90ADF91-E7C7-4CB4-A39D-E1A5374C5602}.Debug|Any CPU.Build.0 = Debug|Any CPU
		{A90ADF91-E7C7-4CB4-A39D-E1A5374C5602}.Release|Any CPU.ActiveCfg = Release|Any CPU
		{A90ADF91-E7C7-4CB4-A39D-E1A5374C5602}.Release|Any CPU.Build.0 = Release|Any CPU
		{A80ADF91-E7C7-4CB4-A39D-E1A5374C5602}.Debug|Any CPU.ActiveCfg = Debug|Any CPU
		{A80ADF91-E7C7-4CB4-A39D-E1A5374C5602}.Debug|Any CPU.Build.0 = Debug|Any CPU
		{A80ADF91-E7C7-4CB4-A39D-E1A5374C5602}.Release|Any CPU.ActiveCfg = Release|Any CPU
		{A80ADF91-E7C7-4CB4-A39D-E1A5374C5602}.Release|Any CPU.Build.0 = Release|Any CPU
		{7B45D887-4AF1-4846-9006-BC44B0EDB81B}.Debug|Any CPU.ActiveCfg = Debug|Any CPU
		{7B45D887-4AF1-4846-9006-BC44B0EDB81B}.Debug|Any CPU.Build.0 = Debug|Any CPU
		{7B45D887-4AF1-4846-9006-BC44B0EDB81B}.Release|Any CPU.ActiveCfg = Release|Any CPU
		{7B45D887-4AF1-4846-9006-BC44B0EDB81B}.Release|Any CPU.Build.0 = Release|Any CPU
		{8F0517E0-418A-4BD7-A63A-6C717FA20574}.Debug|Any CPU.ActiveCfg = Debug|Any CPU
		{8F0517E0-418A-4BD7-A63A-6C717FA20574}.Debug|Any CPU.Build.0 = Debug|Any CPU
		{8F0517E0-418A-4BD7-A63A-6C717FA20574}.Release|Any CPU.ActiveCfg = Release|Any CPU
		{8F0517E0-418A-4BD7-A63A-6C717FA20574}.Release|Any CPU.Build.0 = Release|Any CPU
		{93564653-ABE7-413D-9C4A-A9894CEE8F97}.Debug|Any CPU.ActiveCfg = Debug|Any CPU
		{93564653-ABE7-413D-9C4A-A9894CEE8F97}.Debug|Any CPU.Build.0 = Debug|Any CPU
		{93564653-ABE7-413D-9C4A-A9894CEE8F97}.Release|Any CPU.ActiveCfg = Release|Any CPU
		{93564653-ABE7-413D-9C4A-A9894CEE8F97}.Release|Any CPU.Build.0 = Release|Any CPU
		{AF0ADF91-E7C7-4CB4-A39D-E1A5374C5602}.Debug|Any CPU.ActiveCfg = Debug|Any CPU
		{AF0ADF91-E7C7-4CB4-A39D-E1A5374C5602}.Debug|Any CPU.Build.0 = Debug|Any CPU
		{AF0ADF91-E7C7-4CB4-A39D-E1A5374C5602}.Release|Any CPU.ActiveCfg = Release|Any CPU
		{AF0ADF91-E7C7-4CB4-A39D-E1A5374C5602}.Release|Any CPU.Build.0 = Release|Any CPU
		{AE0ADF91-E7C7-4CB4-A39D-E1A5374C5602}.Debug|Any CPU.ActiveCfg = Debug|Any CPU
		{AE0ADF91-E7C7-4CB4-A39D-E1A5374C5602}.Debug|Any CPU.Build.0 = Debug|Any CPU
		{AE0ADF91-E7C7-4CB4-A39D-E1A5374C5602}.Release|Any CPU.ActiveCfg = Release|Any CPU
		{AE0ADF91-E7C7-4CB4-A39D-E1A5374C5602}.Release|Any CPU.Build.0 = Release|Any CPU
		{28AC63CA-9E57-4C36-81B4-C03DD0CFC0EA}.Debug|Any CPU.ActiveCfg = Debug|Any CPU
		{28AC63CA-9E57-4C36-81B4-C03DD0CFC0EA}.Debug|Any CPU.Build.0 = Debug|Any CPU
		{28AC63CA-9E57-4C36-81B4-C03DD0CFC0EA}.Release|Any CPU.ActiveCfg = Release|Any CPU
		{28AC63CA-9E57-4C36-81B4-C03DD0CFC0EA}.Release|Any CPU.Build.0 = Release|Any CPU
		{0618AFB5-D95A-48F9-A07A-B3A2DB876FC0}.Debug|Any CPU.ActiveCfg = Debug|Any CPU
		{0618AFB5-D95A-48F9-A07A-B3A2DB876FC0}.Debug|Any CPU.Build.0 = Debug|Any CPU
		{0618AFB5-D95A-48F9-A07A-B3A2DB876FC0}.Release|Any CPU.ActiveCfg = Release|Any CPU
		{0618AFB5-D95A-48F9-A07A-B3A2DB876FC0}.Release|Any CPU.Build.0 = Release|Any CPU
	EndGlobalSection
	GlobalSection(SolutionProperties) = preSolution
		HideSolutionNode = FALSE
	EndGlobalSection
	GlobalSection(NestedProjects) = preSolution
		{000BDF91-E7C7-4CB4-A39D-E1A5374C5602} = {B59C8DF7-7DEC-46AF-A165-CC9E3AD01EA8}
		{A20ADF91-E7C7-4CB4-A39D-E1A5374C5602} = {B59C8DF7-7DEC-46AF-A165-CC9E3AD01EA8}
		{A00ADF91-E7C7-4CB4-A39D-E1A5374C5602} = {B59C8DF7-7DEC-46AF-A165-CC9E3AD01EA8}
		{A70ADF91-E7C7-4CB4-A39D-E1A5374C5602} = {B59C8DF7-7DEC-46AF-A165-CC9E3AD01EA8}
		{060BDF91-E7C7-4CB4-A39D-E1A5374C5602} = {B59C8DF7-7DEC-46AF-A165-CC9E3AD01EA8}
		{0A0BDF91-E7C7-4CB4-A39D-E1A5374C5602} = {B59C8DF7-7DEC-46AF-A165-CC9E3AD01EA8}
		{020BDF91-E7C7-4CB4-A39D-E1A5374C5602} = {B59C8DF7-7DEC-46AF-A165-CC9E3AD01EA8}
		{0C0BDF91-E7C7-4CB4-A39D-E1A5374C5602} = {B59C8DF7-7DEC-46AF-A165-CC9E3AD01EA8}
		{010BDF91-E7C7-4CB4-A39D-E1A5374C5602} = {B59C8DF7-7DEC-46AF-A165-CC9E3AD01EA8}
		{040BDF91-E7C7-4CB4-A39D-E1A5374C5602} = {B59C8DF7-7DEC-46AF-A165-CC9E3AD01EA8}
		{090BDF91-E7C7-4CB4-A39D-E1A5374C5602} = {B59C8DF7-7DEC-46AF-A165-CC9E3AD01EA8}
		{050BDF91-E7C7-4CB4-A39D-E1A5374C5602} = {B59C8DF7-7DEC-46AF-A165-CC9E3AD01EA8}
		{070BDF91-E7C7-4CB4-A39D-E1A5374C5602} = {B59C8DF7-7DEC-46AF-A165-CC9E3AD01EA8}
		{030BDF91-E7C7-4CB4-A39D-E1A5374C5602} = {B59C8DF7-7DEC-46AF-A165-CC9E3AD01EA8}
		{A40ADF91-E7C7-4CB4-A39D-E1A5374C5602} = {B59C8DF7-7DEC-46AF-A165-CC9E3AD01EA8}
		{A50ADF91-E7C7-4CB4-A39D-E1A5374C5602} = {B59C8DF7-7DEC-46AF-A165-CC9E3AD01EA8}
		{A10ADF91-E7C7-4CB4-A39D-E1A5374C5602} = {B59C8DF7-7DEC-46AF-A165-CC9E3AD01EA8}
		{A30ADF91-E7C7-4CB4-A39D-E1A5374C5602} = {B59C8DF7-7DEC-46AF-A165-CC9E3AD01EA8}
		{CDE37A87-B35E-4F9B-9C5A-32E9B22A1B69} = {31707D2B-843E-4D4F-B9C7-3E74EF8DA338}
		{E8F32745-6E13-438E-8A7D-DD60AF071B89} = {31707D2B-843E-4D4F-B9C7-3E74EF8DA338}
		{E1C8F634-F655-487D-80B4-82F5F149FBA9} = {31707D2B-843E-4D4F-B9C7-3E74EF8DA338}
		{4B1D7CA2-67E0-4D54-BBCA-6607A7770E44} = {31707D2B-843E-4D4F-B9C7-3E74EF8DA338}
		{6ACD0AEE-4B47-4B29-9EA8-4FF9C20FF2F6} = {31707D2B-843E-4D4F-B9C7-3E74EF8DA338}
		{0E0BDF91-E7C7-4CB4-A39D-E1A5374C5602} = {B59C8DF7-7DEC-46AF-A165-CC9E3AD01EA8}
		{0F0BDF91-E7C7-4CB4-A39D-E1A5374C5602} = {B59C8DF7-7DEC-46AF-A165-CC9E3AD01EA8}
		{834885CF-3D43-4864-8C9A-8B749F957D90} = {31707D2B-843E-4D4F-B9C7-3E74EF8DA338}
		{438DB982-F1D1-45E7-8397-9356EF520595} = {31707D2B-843E-4D4F-B9C7-3E74EF8DA338}
		{100BDF91-E7C7-4CB4-A39D-E1A5374C5602} = {B59C8DF7-7DEC-46AF-A165-CC9E3AD01EA8}
		{80039061-381F-4C48-A7C3-B367E61AE1AC} = {31707D2B-843E-4D4F-B9C7-3E74EF8DA338}
		{110BDF91-E7C7-4CB4-A39D-E1A5374C5602} = {B59C8DF7-7DEC-46AF-A165-CC9E3AD01EA8}
		{120BDF91-E7C7-4CB4-A39D-E1A5374C5602} = {B59C8DF7-7DEC-46AF-A165-CC9E3AD01EA8}
		{72652593-7D2A-4E7D-936F-3C9D11E685FE} = {31707D2B-843E-4D4F-B9C7-3E74EF8DA338}
		{A17299D9-AD7D-47C2-B02F-A2E108948C34} = {31707D2B-843E-4D4F-B9C7-3E74EF8DA338}
		{130BDF91-E7C7-4CB4-A39D-E1A5374C5602} = {B59C8DF7-7DEC-46AF-A165-CC9E3AD01EA8}
		{140BDF91-E7C7-4CB4-A39D-E1A5374C5602} = {B59C8DF7-7DEC-46AF-A165-CC9E3AD01EA8}
		{9EFB7F2D-4FC9-4EA7-917E-4481CC24ED2B} = {31707D2B-843E-4D4F-B9C7-3E74EF8DA338}
		{150BDF91-E7C7-4CB4-A39D-E1A5374C5602} = {B59C8DF7-7DEC-46AF-A165-CC9E3AD01EA8}
		{F1F4FA5D-7ABB-4ADC-B7F9-A94BE2D10694} = {31707D2B-843E-4D4F-B9C7-3E74EF8DA338}
		{160BDF91-E7C7-4CB4-A39D-E1A5374C5602} = {B59C8DF7-7DEC-46AF-A165-CC9E3AD01EA8}
		{170BDF91-E7C7-4CB4-A39D-E1A5374C5602} = {B59C8DF7-7DEC-46AF-A165-CC9E3AD01EA8}
		{CD9E3980-C0E5-4892-90EE-F08218CF4033} = {31707D2B-843E-4D4F-B9C7-3E74EF8DA338}
		{9B4435A6-2A9A-426B-BB22-899F7F9711CC} = {31707D2B-843E-4D4F-B9C7-3E74EF8DA338}
		{180BDF91-E7C7-4CB4-A39D-E1A5374C5602} = {B59C8DF7-7DEC-46AF-A165-CC9E3AD01EA8}
		{190BDF91-E7C7-4CB4-A39D-E1A5374C5602} = {B59C8DF7-7DEC-46AF-A165-CC9E3AD01EA8}
		{1A0BDF91-E7C7-4CB4-A39D-E1A5374C5602} = {B59C8DF7-7DEC-46AF-A165-CC9E3AD01EA8}
		{06559CB0-899C-4B48-AFB8-633CBF97A766} = {31707D2B-843E-4D4F-B9C7-3E74EF8DA338}
		{1B0BDF91-E7C7-4CB4-A39D-E1A5374C5602} = {B59C8DF7-7DEC-46AF-A165-CC9E3AD01EA8}
		{5D67081C-4458-41AA-A1F5-FAC974D29FDF} = {31707D2B-843E-4D4F-B9C7-3E74EF8DA338}
		{1D0BDF91-E7C7-4CB4-A39D-E1A5374C5602} = {B59C8DF7-7DEC-46AF-A165-CC9E3AD01EA8}
		{581174AB-62AA-4A04-85DE-4F9E307C9712} = {31707D2B-843E-4D4F-B9C7-3E74EF8DA338}
		{1F0BDF91-E7C7-4CB4-A39D-E1A5374C5602} = {B59C8DF7-7DEC-46AF-A165-CC9E3AD01EA8}
		{0F614FD1-BC7C-4F7F-9847-D3675614576C} = {31707D2B-843E-4D4F-B9C7-3E74EF8DA338}
		{A9610C9E-1944-4771-A5E1-CE47ADA243D5} = {31707D2B-843E-4D4F-B9C7-3E74EF8DA338}
		{D29D6F7E-8A76-48AD-A042-EFC83CD474A5} = {31707D2B-843E-4D4F-B9C7-3E74EF8DA338}
		{220BDF91-E7C7-4CB4-A39D-E1A5374C5602} = {B59C8DF7-7DEC-46AF-A165-CC9E3AD01EA8}
		{230BDF91-E7C7-4CB4-A39D-E1A5374C5602} = {B59C8DF7-7DEC-46AF-A165-CC9E3AD01EA8}
		{240BDF91-E7C7-4CB4-A39D-E1A5374C5602} = {B59C8DF7-7DEC-46AF-A165-CC9E3AD01EA8}
		{1B7303BF-417C-408B-9C95-170612A16372} = {31707D2B-843E-4D4F-B9C7-3E74EF8DA338}
		{9A51294D-B94C-4F09-AD97-9241C7CCC914} = {31707D2B-843E-4D4F-B9C7-3E74EF8DA338}
		{777E0306-C250-4C82-BFA4-5C7522AAB9D4} = {31707D2B-843E-4D4F-B9C7-3E74EF8DA338}
		{176F78D7-C6EE-4515-A54F-3D902CDD95E3} = {31707D2B-843E-4D4F-B9C7-3E74EF8DA338}
		{D4F63068-CCB8-4C9C-AA81-FAF031DCA5D9} = {31707D2B-843E-4D4F-B9C7-3E74EF8DA338}
		{C6867EE8-73F9-435D-90CF-8546CF693903} = {31707D2B-843E-4D4F-B9C7-3E74EF8DA338}
		{D80027A4-509D-4F08-9AC5-49133EAD57B2} = {31707D2B-843E-4D4F-B9C7-3E74EF8DA338}
		{6FA157C8-D254-4333-8C91-C9694D8AD599} = {31707D2B-843E-4D4F-B9C7-3E74EF8DA338}
		{C5C7510A-E4E6-4C1A-A98F-67DA4218DDFD} = {31707D2B-843E-4D4F-B9C7-3E74EF8DA338}
		{F15DA9B3-6C93-4813-8FF6-94EFC6E0CE2B} = {31707D2B-843E-4D4F-B9C7-3E74EF8DA338}
		{C6B592E8-2413-4BFF-ADF2-8A72C62199E3} = {B59C8DF7-7DEC-46AF-A165-CC9E3AD01EA8}
		{9D83BDB8-153B-4159-8F7B-054A464BCE44} = {31707D2B-843E-4D4F-B9C7-3E74EF8DA338}
		{7E486338-CC7F-455A-8E88-A17284087431} = {31707D2B-843E-4D4F-B9C7-3E74EF8DA338}
		{A90ADF91-E7C7-4CB4-A39D-E1A5374C5602} = {B59C8DF7-7DEC-46AF-A165-CC9E3AD01EA8}
		{A80ADF91-E7C7-4CB4-A39D-E1A5374C5602} = {B59C8DF7-7DEC-46AF-A165-CC9E3AD01EA8}
		{7B45D887-4AF1-4846-9006-BC44B0EDB81B} = {31707D2B-843E-4D4F-B9C7-3E74EF8DA338}
		{8F0517E0-418A-4BD7-A63A-6C717FA20574} = {31707D2B-843E-4D4F-B9C7-3E74EF8DA338}
		{93564653-ABE7-413D-9C4A-A9894CEE8F97} = {31707D2B-843E-4D4F-B9C7-3E74EF8DA338}
		{AF0ADF91-E7C7-4CB4-A39D-E1A5374C5602} = {B59C8DF7-7DEC-46AF-A165-CC9E3AD01EA8}
		{AE0ADF91-E7C7-4CB4-A39D-E1A5374C5602} = {B59C8DF7-7DEC-46AF-A165-CC9E3AD01EA8}
		{28AC63CA-9E57-4C36-81B4-C03DD0CFC0EA} = {31707D2B-843E-4D4F-B9C7-3E74EF8DA338}
		{0618AFB5-D95A-48F9-A07A-B3A2DB876FC0} = {31707D2B-843E-4D4F-B9C7-3E74EF8DA338}
	EndGlobalSection
	GlobalSection(ExtensibilityGlobals) = postSolution
		SolutionGuid = {2A848386-B682-4F6D-8254-B5F6247C3054}
	EndGlobalSection
EndGlobal
